<?xml version="1.0" encoding="utf-8"?>
<Project ToolsVersion="4.0" xmlns="http://schemas.microsoft.com/developer/msbuild/2003">
  <ItemGroup>
    <Filter Include="src">
      <UniqueIdentifier>{4FC737F1-C7A5-4376-A066-2A32D752A2FF}</UniqueIdentifier>
      <Extensions>cpp;c;cc;cxx;def;odl;idl;hpj;bat;asm;asmx</Extensions>
    </Filter>
  </ItemGroup>
  <ItemGroup>
    <ClCompile Include="..\..\3rd\lua-5.3.5\src\lapi.c">
      <Filter>src</Filter>
    </ClCompile>
    <ClCompile Include="..\..\3rd\lua-5.3.5\src\lauxlib.c">
      <Filter>src</Filter>
    </ClCompile>
    <ClCompile Include="..\..\3rd\lua-5.3.5\src\lbaselib.c">
      <Filter>src</Filter>
    </ClCompile>
    <ClCompile Include="..\..\3rd\lua-5.3.5\src\lbitlib.c">
      <Filter>src</Filter>
    </ClCompile>
    <ClCompile Include="..\..\3rd\lua-5.3.5\src\lcode.c">
      <Filter>src</Filter>
    </ClCompile>
    <ClCompile Include="..\..\3rd\lua-5.3.5\src\lcorolib.c">
      <Filter>src</Filter>
    </ClCompile>
    <ClCompile Include="..\..\3rd\lua-5.3.5\src\lctype.c">
      <Filter>src</Filter>
    </ClCompile>
    <ClCompile Include="..\..\3rd\lua-5.3.5\src\ldblib.c">
      <Filter>src</Filter>
    </ClCompile>
    <ClCompile Include="..\..\3rd\lua-5.3.5\src\ldebug.c">
      <Filter>src</Filter>
    </ClCompile>
    <ClCompile Include="..\..\3rd\lua-5.3.5\src\ldo.c">
      <Filter>src</Filter>
    </ClCompile>
    <ClCompile Include="..\..\3rd\lua-5.3.5\src\ldump.c">
      <Filter>src</Filter>
    </ClCompile>
    <ClCompile Include="..\..\3rd\lua-5.3.5\src\lfunc.c">
      <Filter>src</Filter>
    </ClCompile>
    <ClCompile Include="..\..\3rd\lua-5.3.5\src\lgc.c">
      <Filter>src</Filter>
    </ClCompile>
    <ClCompile Include="..\..\3rd\lua-5.3.5\src\linit.c">
      <Filter>src</Filter>
    </ClCompile>
    <ClCompile Include="..\..\3rd\lua-5.3.5\src\liolib.c">
      <Filter>src</Filter>
    </ClCompile>
    <ClCompile Include="..\..\3rd\lua-5.3.5\src\llex.c">
      <Filter>src</Filter>
    </ClCompile>
    <ClCompile Include="..\..\3rd\lua-5.3.5\src\lmathlib.c">
      <Filter>src</Filter>
    </ClCompile>
    <ClCompile Include="..\..\3rd\lua-5.3.5\src\lmem.c">
      <Filter>src</Filter>
    </ClCompile>
    <ClCompile Include="..\..\3rd\lua-5.3.5\src\loadlib.c">
      <Filter>src</Filter>
    </ClCompile>
    <ClCompile Include="..\..\3rd\lua-5.3.5\src\lobject.c">
      <Filter>src</Filter>
    </ClCompile>
    <ClCompile Include="..\..\3rd\lua-5.3.5\src\lopcodes.c">
      <Filter>src</Filter>
    </ClCompile>
    <ClCompile Include="..\..\3rd\lua-5.3.5\src\loslib.c">
      <Filter>src</Filter>
    </ClCompile>
    <ClCompile Include="..\..\3rd\lua-5.3.5\src\lparser.c">
      <Filter>src</Filter>
    </ClCompile>
    <ClCompile Include="..\..\3rd\lua-5.3.5\src\lstate.c">
      <Filter>src</Filter>
    </ClCompile>
    <ClCompile Include="..\..\3rd\lua-5.3.5\src\lstring.c">
      <Filter>src</Filter>
    </ClCompile>
    <ClCompile Include="..\..\3rd\lua-5.3.5\src\lstrlib.c">
      <Filter>src</Filter>
    </ClCompile>
    <ClCompile Include="..\..\3rd\lua-5.3.5\src\ltable.c">
      <Filter>src</Filter>
    </ClCompile>
    <ClCompile Include="..\..\3rd\lua-5.3.5\src\ltablib.c">
      <Filter>src</Filter>
    </ClCompile>
    <ClCompile Include="..\..\3rd\lua-5.3.5\src\ltm.c">
      <Filter>src</Filter>
    </ClCompile>
    <ClCompile Include="..\..\3rd\lua-5.3.5\src\luac.c">
      <Filter>src</Filter>
    </ClCompile>
    <ClCompile Include="..\..\3rd\lua-5.3.5\src\lundump.c">
      <Filter>src</Filter>
    </ClCompile>
    <ClCompile Include="..\..\3rd\lua-5.3.5\src\lutf8lib.c">
      <Filter>src</Filter>
    </ClCompile>
    <ClCompile Include="..\..\3rd\lua-5.3.5\src\lvm.c">
      <Filter>src</Filter>
    </ClCompile>
    <ClCompile Include="..\..\3rd\lua-5.3.5\src\lzio.c">
      <Filter>src</Filter>
    </ClCompile>
  </ItemGroup>
  <ItemGroup>
    <ClInclude Include="..\..\3rd\lua-5.3.5\src\lapi.h">
      <Filter>src</Filter>
    </ClInclude>
    <ClInclude Include="..\..\3rd\lua-5.3.5\src\lauxlib.h">
      <Filter>src</Filter>
    </ClInclude>
    <ClInclude Include="..\..\3rd\lua-5.3.5\src\lcode.h">
      <Filter>src</Filter>
    </ClInclude>
    <ClInclude Include="..\..\3rd\lua-5.3.5\src\lctype.h">
      <Filter>src</Filter>
    </ClInclude>
    <ClInclude Include="..\..\3rd\lua-5.3.5\src\ldebug.h">
      <Filter>src</Filter>
    </ClInclude>
    <ClInclude Include="..\..\3rd\lua-5.3.5\src\ldo.h">
      <Filter>src</Filter>
    </ClInclude>
    <ClInclude Include="..\..\3rd\lua-5.3.5\src\lfunc.h">
      <Filter>src</Filter>
    </ClInclude>
    <ClInclude Include="..\..\3rd\lua-5.3.5\src\lgc.h">
      <Filter>src</Filter>
    </ClInclude>
    <ClInclude Include="..\..\3rd\lua-5.3.5\src\llex.h">
      <Filter>src</Filter>
    </ClInclude>
    <ClInclude Include="..\..\3rd\lua-5.3.5\src\llimits.h">
      <Filter>src</Filter>
    </ClInclude>
    <ClInclude Include="..\..\3rd\lua-5.3.5\src\lmem.h">
      <Filter>src</Filter>
    </ClInclude>
    <ClInclude Include="..\..\3rd\lua-5.3.5\src\lobject.h">
      <Filter>src</Filter>
    </ClInclude>
    <ClInclude Include="..\..\3rd\lua-5.3.5\src\lopcodes.h">
      <Filter>src</Filter>
    </ClInclude>
    <ClInclude Include="..\..\3rd\lua-5.3.5\src\lparser.h">
      <Filter>src</Filter>
    </ClInclude>
    <ClInclude Include="..\..\3rd\lua-5.3.5\src\lprefix.h">
      <Filter>src</Filter>
    </ClInclude>
    <ClInclude Include="..\..\3rd\lua-5.3.5\src\lstate.h">
      <Filter>src</Filter>
    </ClInclude>
    <ClInclude Include="..\..\3rd\lua-5.3.5\src\lstring.h">
      <Filter>src</Filter>
    </ClInclude>
    <ClInclude Include="..\..\3rd\lua-5.3.5\src\ltable.h">
      <Filter>src</Filter>
    </ClInclude>
    <ClInclude Include="..\..\3rd\lua-5.3.5\src\ltm.h">
      <Filter>src</Filter>
    </ClInclude>
    <ClInclude Include="..\..\3rd\lua-5.3.5\src\lua.h">
      <Filter>src</Filter>
    </ClInclude>
    <ClInclude Include="..\..\3rd\lua-5.3.5\src\lua.hpp">
      <Filter>src</Filter>
    </ClInclude>
    <ClInclude Include="..\..\3rd\lua-5.3.5\src\luaconf.h">
      <Filter>src</Filter>
    </ClInclude>
    <ClInclude Include="..\..\3rd\lua-5.3.5\src\lualib.h">
      <Filter>src</Filter>
    </ClInclude>
    <ClInclude Include="..\..\3rd\lua-5.3.5\src\lundump.h">
      <Filter>src</Filter>
    </ClInclude>
    <ClInclude Include="..\..\3rd\lua-5.3.5\src\lvm.h">
      <Filter>src</Filter>
    </ClInclude>
    <ClInclude Include="..\..\3rd\lua-5.3.5\src\lzio.h">
      <Filter>src</Filter>
    </ClInclude>
  </ItemGroup>
</Project>